// !$*UTF8*$!
{
	archiveVersion = 1;
	classes = {
	};
	objectVersion = 56;
	objects = {

/* Begin PBXBuildFile section */
		BD8ACEFB2AFFFF8C00FD3FB4 /* FirebaseAnalytics in Frameworks */ = {isa = PBXBuildFile; productRef = BD8ACEFA2AFFFF8C00FD3FB4 /* FirebaseAnalytics */; };
		BD8ACEFD2AFFFF8C00FD3FB4 /* FirebaseAnalyticsOnDeviceConversion in Frameworks */ = {isa = PBXBuildFile; productRef = BD8ACEFC2AFFFF8C00FD3FB4 /* FirebaseAnalyticsOnDeviceConversion */; };
		BD8ACEFF2AFFFF8C00FD3FB4 /* FirebaseAnalyticsSwift in Frameworks */ = {isa = PBXBuildFile; productRef = BD8ACEFE2AFFFF8C00FD3FB4 /* FirebaseAnalyticsSwift */; };
		BD8ACF012AFFFF8C00FD3FB4 /* FirebaseAnalyticsWithoutAdIdSupport in Frameworks */ = {isa = PBXBuildFile; productRef = BD8ACF002AFFFF8C00FD3FB4 /* FirebaseAnalyticsWithoutAdIdSupport */; };
		BD8ACF032AFFFF8C00FD3FB4 /* FirebaseAppCheck in Frameworks */ = {isa = PBXBuildFile; productRef = BD8ACF022AFFFF8C00FD3FB4 /* FirebaseAppCheck */; };
		BD8ACF062B00007D00FD3FB4 /* FirebaseAuth in Frameworks */ = {isa = PBXBuildFile; productRef = BD8ACF052B00007D00FD3FB4 /* FirebaseAuth */; };
		BD8ACF082B00008A00FD3FB4 /* FirebaseDatabase in Frameworks */ = {isa = PBXBuildFile; productRef = BD8ACF072B00008A00FD3FB4 /* FirebaseDatabase */; };
		BD8ACF0A2B00009200FD3FB4 /* FirebaseStorage in Frameworks */ = {isa = PBXBuildFile; productRef = BD8ACF092B00009200FD3FB4 /* FirebaseStorage */; };
		BD8ACF0E2B00030200FD3FB4 /* ContentViewModel.swift in Sources */ = {isa = PBXBuildFile; fileRef = BD8ACF0D2B00030200FD3FB4 /* ContentViewModel.swift */; };
		BD8ACF102B00062300FD3FB4 /* LoginViewModel.swift in Sources */ = {isa = PBXBuildFile; fileRef = BD8ACF0F2B00062300FD3FB4 /* LoginViewModel.swift */; };
		BD8ACF122B00171700FD3FB4 /* User.swift in Sources */ = {isa = PBXBuildFile; fileRef = BD8ACF112B00171700FD3FB4 /* User.swift */; };
		BD8ACF142B0018F600FD3FB4 /* FirebaseFirestoreSwift in Frameworks */ = {isa = PBXBuildFile; productRef = BD8ACF132B0018F600FD3FB4 /* FirebaseFirestoreSwift */; };
		BD8ACF162B001B2B00FD3FB4 /* UserService.swift in Sources */ = {isa = PBXBuildFile; fileRef = BD8ACF152B001B2B00FD3FB4 /* UserService.swift */; };
		BD8ACF192B001BF900FD3FB4 /* CurrentUserProfileViewModel.swift in Sources */ = {isa = PBXBuildFile; fileRef = BD8ACF182B001BF900FD3FB4 /* CurrentUserProfileViewModel.swift */; };
		BD9F02442AFE9B8C00AB8AA8 /* ThreadsTutorialApp.swift in Sources */ = {isa = PBXBuildFile; fileRef = BD9F02432AFE9B8C00AB8AA8 /* ThreadsTutorialApp.swift */; };
		BD9F02462AFE9B8C00AB8AA8 /* ContentView.swift in Sources */ = {isa = PBXBuildFile; fileRef = BD9F02452AFE9B8C00AB8AA8 /* ContentView.swift */; };
		BD9F02482AFE9B8F00AB8AA8 /* Assets.xcassets in Resources */ = {isa = PBXBuildFile; fileRef = BD9F02472AFE9B8F00AB8AA8 /* Assets.xcassets */; };
		BD9F024B2AFE9B8F00AB8AA8 /* Preview Assets.xcassets in Resources */ = {isa = PBXBuildFile; fileRef = BD9F024A2AFE9B8F00AB8AA8 /* Preview Assets.xcassets */; };
		BD9F025B2AFE9C2800AB8AA8 /* LoginView.swift in Sources */ = {isa = PBXBuildFile; fileRef = BD9F025A2AFE9C2800AB8AA8 /* LoginView.swift */; };
		BD9F025D2AFE9F3E00AB8AA8 /* RegistrationView.swift in Sources */ = {isa = PBXBuildFile; fileRef = BD9F025C2AFE9F3E00AB8AA8 /* RegistrationView.swift */; };
		BD9F02602AFEA23200AB8AA8 /* ThreadsTextFieldModifier.swift in Sources */ = {isa = PBXBuildFile; fileRef = BD9F025F2AFEA23200AB8AA8 /* ThreadsTextFieldModifier.swift */; };
		BD9F02632AFEF15E00AB8AA8 /* ThreadsTabView.swift in Sources */ = {isa = PBXBuildFile; fileRef = BD9F02622AFEF15E00AB8AA8 /* ThreadsTabView.swift */; };
		BD9F02672AFEF2F900AB8AA8 /* FeedView.swift in Sources */ = {isa = PBXBuildFile; fileRef = BD9F02662AFEF2F900AB8AA8 /* FeedView.swift */; };
		BD9F026C2AFEF33300AB8AA8 /* ExploreView.swift in Sources */ = {isa = PBXBuildFile; fileRef = BD9F026B2AFEF33300AB8AA8 /* ExploreView.swift */; };
		BD9F02722AFEF3A300AB8AA8 /* CreateThreadView.swift in Sources */ = {isa = PBXBuildFile; fileRef = BD9F02712AFEF3A300AB8AA8 /* CreateThreadView.swift */; };
		BD9F02752AFEF3D600AB8AA8 /* ActivityView.swift in Sources */ = {isa = PBXBuildFile; fileRef = BD9F02742AFEF3D600AB8AA8 /* ActivityView.swift */; };
		BD9F02792AFEF40400AB8AA8 /* ProfileView.swift in Sources */ = {isa = PBXBuildFile; fileRef = BD9F02782AFEF40400AB8AA8 /* ProfileView.swift */; };
		BD9F027B2AFEF52600AB8AA8 /* ThreadCell.swift in Sources */ = {isa = PBXBuildFile; fileRef = BD9F027A2AFEF52600AB8AA8 /* ThreadCell.swift */; };
		BD9F027E2AFEFA1100AB8AA8 /* CircularProfileImageView.swift in Sources */ = {isa = PBXBuildFile; fileRef = BD9F027D2AFEFA1100AB8AA8 /* CircularProfileImageView.swift */; };
		BD9F02802AFEFAD000AB8AA8 /* UserCell.swift in Sources */ = {isa = PBXBuildFile; fileRef = BD9F027F2AFEFAD000AB8AA8 /* UserCell.swift */; };
		BD9F02832AFEFE6700AB8AA8 /* ProfileThreadFilter.swift in Sources */ = {isa = PBXBuildFile; fileRef = BD9F02822AFEFE6700AB8AA8 /* ProfileThreadFilter.swift */; };
		BD9F02872AFF02A200AB8AA8 /* EditProfileView.swift in Sources */ = {isa = PBXBuildFile; fileRef = BD9F02862AFF02A200AB8AA8 /* EditProfileView.swift */; };
		BD9F029F2AFF4AAB00AB8AA8 /* RegistrationViewModel.swift in Sources */ = {isa = PBXBuildFile; fileRef = BD9F029E2AFF4AAB00AB8AA8 /* RegistrationViewModel.swift */; };
		BD9F02A02AFF4CD600AB8AA8 /* GoogleService-Info.plist in Resources */ = {isa = PBXBuildFile; fileRef = BD9F02992AFF357C00AB8AA8 /* GoogleService-Info.plist */; };
		BD9F02A22AFF4DFE00AB8AA8 /* AuthService.swift in Sources */ = {isa = PBXBuildFile; fileRef = BD9F02A12AFF4DFD00AB8AA8 /* AuthService.swift */; };
		BDA138E12B05276C00781443 /* Thread.swift in Sources */ = {isa = PBXBuildFile; fileRef = BDA138E02B05276C00781443 /* Thread.swift */; };
		BDA138E42B05284C00781443 /* CreateThreadViewModel.swift in Sources */ = {isa = PBXBuildFile; fileRef = BDA138E32B05284C00781443 /* CreateThreadViewModel.swift */; };
		BDA138E62B05286200781443 /* ThreadService.swift in Sources */ = {isa = PBXBuildFile; fileRef = BDA138E52B05286200781443 /* ThreadService.swift */; };
		BDA138E92B0542A700781443 /* FeedViewModel.swift in Sources */ = {isa = PBXBuildFile; fileRef = BDA138E82B0542A700781443 /* FeedViewModel.swift */; };
		BDA138ED2B054AF400781443 /* UserContentListViewModel.swift in Sources */ = {isa = PBXBuildFile; fileRef = BDA138EC2B054AF400781443 /* UserContentListViewModel.swift */; };
		BDA138EF2B054E0A00781443 /* Timestamp.swift in Sources */ = {isa = PBXBuildFile; fileRef = BDA138EE2B054E0A00781443 /* Timestamp.swift */; };
		BDA5041D2B06616E00EBB161 /* ContentActionButtonView.swift in Sources */ = {isa = PBXBuildFile; fileRef = BDA5041C2B06616E00EBB161 /* ContentActionButtonView.swift */; };
		BDA504212B06627900EBB161 /* ContentActionButtonViewModel.swift in Sources */ = {isa = PBXBuildFile; fileRef = BDA504202B06627900EBB161 /* ContentActionButtonViewModel.swift */; };
		BDA504232B0666B000EBB161 /* Constants.swift in Sources */ = {isa = PBXBuildFile; fileRef = BDA504222B0666B000EBB161 /* Constants.swift */; };
		BDA504292B07AC2200EBB161 /* ThreadReplyView.swift in Sources */ = {isa = PBXBuildFile; fileRef = BDA504282B07AC2200EBB161 /* ThreadReplyView.swift */; };
		BDA5042B2B07C60100EBB161 /* String.swift in Sources */ = {isa = PBXBuildFile; fileRef = BDA5042A2B07C60100EBB161 /* String.swift */; };
		BDA5042E2B07CAE500EBB161 /* ThreadReply.swift in Sources */ = {isa = PBXBuildFile; fileRef = BDA5042D2B07CAE500EBB161 /* ThreadReply.swift */; };
		BDA504312B07E07100EBB161 /* ThreadReplyService.swift in Sources */ = {isa = PBXBuildFile; fileRef = BDA504302B07E07100EBB161 /* ThreadReplyService.swift */; };
		BDA504332B07E18B00EBB161 /* ThreadReplyViewModel.swift in Sources */ = {isa = PBXBuildFile; fileRef = BDA504322B07E18B00EBB161 /* ThreadReplyViewModel.swift */; };
		BDDA23AC2B0275330011697D /* ExploreViewModel.swift in Sources */ = {isa = PBXBuildFile; fileRef = BDDA23AB2B0275330011697D /* ExploreViewModel.swift */; };
		BDDA23AE2B0277040011697D /* PreviewProvider.swift in Sources */ = {isa = PBXBuildFile; fileRef = BDDA23AD2B0277040011697D /* PreviewProvider.swift */; };
		BDDA23B22B027A710011697D /* CurrentUserProfileView.swift in Sources */ = {isa = PBXBuildFile; fileRef = BDDA23B12B027A710011697D /* CurrentUserProfileView.swift */; };
		BDDA23B62B027D260011697D /* ProfileHeaderView.swift in Sources */ = {isa = PBXBuildFile; fileRef = BDDA23B52B027D260011697D /* ProfileHeaderView.swift */; };
		BDDA23B82B027F130011697D /* UserContentListView.swift in Sources */ = {isa = PBXBuildFile; fileRef = BDDA23B72B027F130011697D /* UserContentListView.swift */; };
		BDDA23BB2B02B46D0011697D /* EditProfileViewModel.swift in Sources */ = {isa = PBXBuildFile; fileRef = BDDA23BA2B02B46D0011697D /* EditProfileViewModel.swift */; };
		BDDA23BD2B02BC8F0011697D /* ImageUploader.swift in Sources */ = {isa = PBXBuildFile; fileRef = BDDA23BC2B02BC8F0011697D /* ImageUploader.swift */; };
		BDDA23C02B03B85A0011697D /* Kingfisher in Frameworks */ = {isa = PBXBuildFile; productRef = BDDA23BF2B03B85A0011697D /* Kingfisher */; };
/* End PBXBuildFile section */

/* Begin PBXFileReference section */
		BD8ACF0D2B00030200FD3FB4 /* ContentViewModel.swift */ = {isa = PBXFileReference; lastKnownFileType = sourcecode.swift; path = ContentViewModel.swift; sourceTree = "<group>"; };
		BD8ACF0F2B00062300FD3FB4 /* LoginViewModel.swift */ = {isa = PBXFileReference; lastKnownFileType = sourcecode.swift; path = LoginViewModel.swift; sourceTree = "<group>"; };
		BD8ACF112B00171700FD3FB4 /* User.swift */ = {isa = PBXFileReference; lastKnownFileType = sourcecode.swift; path = User.swift; sourceTree = "<group>"; };
		BD8ACF152B001B2B00FD3FB4 /* UserService.swift */ = {isa = PBXFileReference; lastKnownFileType = sourcecode.swift; path = UserService.swift; sourceTree = "<group>"; };
		BD8ACF182B001BF900FD3FB4 /* CurrentUserProfileViewModel.swift */ = {isa = PBXFileReference; lastKnownFileType = sourcecode.swift; path = CurrentUserProfileViewModel.swift; sourceTree = "<group>"; };
		BD9F02402AFE9B8C00AB8AA8 /* ThreadsTutorial.app */ = {isa = PBXFileReference; explicitFileType = wrapper.application; includeInIndex = 0; path = ThreadsTutorial.app; sourceTree = BUILT_PRODUCTS_DIR; };
		BD9F02432AFE9B8C00AB8AA8 /* ThreadsTutorialApp.swift */ = {isa = PBXFileReference; lastKnownFileType = sourcecode.swift; path = ThreadsTutorialApp.swift; sourceTree = "<group>"; };
		BD9F02452AFE9B8C00AB8AA8 /* ContentView.swift */ = {isa = PBXFileReference; lastKnownFileType = sourcecode.swift; path = ContentView.swift; sourceTree = "<group>"; };
		BD9F02472AFE9B8F00AB8AA8 /* Assets.xcassets */ = {isa = PBXFileReference; lastKnownFileType = folder.assetcatalog; path = Assets.xcassets; sourceTree = "<group>"; };
		BD9F024A2AFE9B8F00AB8AA8 /* Preview Assets.xcassets */ = {isa = PBXFileReference; lastKnownFileType = folder.assetcatalog; path = "Preview Assets.xcassets"; sourceTree = "<group>"; };
		BD9F025A2AFE9C2800AB8AA8 /* LoginView.swift */ = {isa = PBXFileReference; lastKnownFileType = sourcecode.swift; path = LoginView.swift; sourceTree = "<group>"; };
		BD9F025C2AFE9F3E00AB8AA8 /* RegistrationView.swift */ = {isa = PBXFileReference; lastKnownFileType = sourcecode.swift; path = RegistrationView.swift; sourceTree = "<group>"; };
		BD9F025F2AFEA23200AB8AA8 /* ThreadsTextFieldModifier.swift */ = {isa = PBXFileReference; lastKnownFileType = sourcecode.swift; path = ThreadsTextFieldModifier.swift; sourceTree = "<group>"; };
		BD9F02622AFEF15E00AB8AA8 /* ThreadsTabView.swift */ = {isa = PBXFileReference; lastKnownFileType = sourcecode.swift; path = ThreadsTabView.swift; sourceTree = "<group>"; };
		BD9F02662AFEF2F900AB8AA8 /* FeedView.swift */ = {isa = PBXFileReference; lastKnownFileType = sourcecode.swift; path = FeedView.swift; sourceTree = "<group>"; };
		BD9F026B2AFEF33300AB8AA8 /* ExploreView.swift */ = {isa = PBXFileReference; lastKnownFileType = sourcecode.swift; path = ExploreView.swift; sourceTree = "<group>"; };
		BD9F02712AFEF3A300AB8AA8 /* CreateThreadView.swift */ = {isa = PBXFileReference; lastKnownFileType = sourcecode.swift; path = CreateThreadView.swift; sourceTree = "<group>"; };
		BD9F02742AFEF3D600AB8AA8 /* ActivityView.swift */ = {isa = PBXFileReference; lastKnownFileType = sourcecode.swift; path = ActivityView.swift; sourceTree = "<group>"; };
		BD9F02782AFEF40400AB8AA8 /* ProfileView.swift */ = {isa = PBXFileReference; lastKnownFileType = sourcecode.swift; path = ProfileView.swift; sourceTree = "<group>"; };
		BD9F027A2AFEF52600AB8AA8 /* ThreadCell.swift */ = {isa = PBXFileReference; lastKnownFileType = sourcecode.swift; path = ThreadCell.swift; sourceTree = "<group>"; };
		BD9F027D2AFEFA1100AB8AA8 /* CircularProfileImageView.swift */ = {isa = PBXFileReference; lastKnownFileType = sourcecode.swift; path = CircularProfileImageView.swift; sourceTree = "<group>"; };
		BD9F027F2AFEFAD000AB8AA8 /* UserCell.swift */ = {isa = PBXFileReference; lastKnownFileType = sourcecode.swift; path = UserCell.swift; sourceTree = "<group>"; };
		BD9F02822AFEFE6700AB8AA8 /* ProfileThreadFilter.swift */ = {isa = PBXFileReference; lastKnownFileType = sourcecode.swift; path = ProfileThreadFilter.swift; sourceTree = "<group>"; };
		BD9F02862AFF02A200AB8AA8 /* EditProfileView.swift */ = {isa = PBXFileReference; lastKnownFileType = sourcecode.swift; path = EditProfileView.swift; sourceTree = "<group>"; };
		BD9F02992AFF357C00AB8AA8 /* GoogleService-Info.plist */ = {isa = PBXFileReference; fileEncoding = 4; lastKnownFileType = text.plist.xml; path = "GoogleService-Info.plist"; sourceTree = "<group>"; };
		BD9F029E2AFF4AAB00AB8AA8 /* RegistrationViewModel.swift */ = {isa = PBXFileReference; lastKnownFileType = sourcecode.swift; path = RegistrationViewModel.swift; sourceTree = "<group>"; };
		BD9F02A12AFF4DFD00AB8AA8 /* AuthService.swift */ = {isa = PBXFileReference; lastKnownFileType = sourcecode.swift; path = AuthService.swift; sourceTree = "<group>"; };
		BDA138E02B05276C00781443 /* Thread.swift */ = {isa = PBXFileReference; lastKnownFileType = sourcecode.swift; path = Thread.swift; sourceTree = "<group>"; };
		BDA138E32B05284C00781443 /* CreateThreadViewModel.swift */ = {isa = PBXFileReference; lastKnownFileType = sourcecode.swift; path = CreateThreadViewModel.swift; sourceTree = "<group>"; };
		BDA138E52B05286200781443 /* ThreadService.swift */ = {isa = PBXFileReference; lastKnownFileType = sourcecode.swift; path = ThreadService.swift; sourceTree = "<group>"; };
		BDA138E82B0542A700781443 /* FeedViewModel.swift */ = {isa = PBXFileReference; lastKnownFileType = sourcecode.swift; path = FeedViewModel.swift; sourceTree = "<group>"; };
		BDA138EC2B054AF400781443 /* UserContentListViewModel.swift */ = {isa = PBXFileReference; lastKnownFileType = sourcecode.swift; path = UserContentListViewModel.swift; sourceTree = "<group>"; };
		BDA138EE2B054E0A00781443 /* Timestamp.swift */ = {isa = PBXFileReference; lastKnownFileType = sourcecode.swift; path = Timestamp.swift; sourceTree = "<group>"; };
		BDA5041C2B06616E00EBB161 /* ContentActionButtonView.swift */ = {isa = PBXFileReference; lastKnownFileType = sourcecode.swift; path = ContentActionButtonView.swift; sourceTree = "<group>"; };
		BDA504202B06627900EBB161 /* ContentActionButtonViewModel.swift */ = {isa = PBXFileReference; lastKnownFileType = sourcecode.swift; path = ContentActionButtonViewModel.swift; sourceTree = "<group>"; };
		BDA504222B0666B000EBB161 /* Constants.swift */ = {isa = PBXFileReference; lastKnownFileType = sourcecode.swift; path = Constants.swift; sourceTree = "<group>"; };
		BDA504282B07AC2200EBB161 /* ThreadReplyView.swift */ = {isa = PBXFileReference; lastKnownFileType = sourcecode.swift; path = ThreadReplyView.swift; sourceTree = "<group>"; };
		BDA5042A2B07C60100EBB161 /* String.swift */ = {isa = PBXFileReference; lastKnownFileType = sourcecode.swift; path = String.swift; sourceTree = "<group>"; };
		BDA5042D2B07CAE500EBB161 /* ThreadReply.swift */ = {isa = PBXFileReference; lastKnownFileType = sourcecode.swift; path = ThreadReply.swift; sourceTree = "<group>"; };
		BDA504302B07E07100EBB161 /* ThreadReplyService.swift */ = {isa = PBXFileReference; lastKnownFileType = sourcecode.swift; path = ThreadReplyService.swift; sourceTree = "<group>"; };
		BDA504322B07E18B00EBB161 /* ThreadReplyViewModel.swift */ = {isa = PBXFileReference; lastKnownFileType = sourcecode.swift; path = ThreadReplyViewModel.swift; sourceTree = "<group>"; };
		BDDA23AB2B0275330011697D /* ExploreViewModel.swift */ = {isa = PBXFileReference; lastKnownFileType = sourcecode.swift; path = ExploreViewModel.swift; sourceTree = "<group>"; };
		BDDA23AD2B0277040011697D /* PreviewProvider.swift */ = {isa = PBXFileReference; lastKnownFileType = sourcecode.swift; path = PreviewProvider.swift; sourceTree = "<group>"; };
		BDDA23B12B027A710011697D /* CurrentUserProfileView.swift */ = {isa = PBXFileReference; lastKnownFileType = sourcecode.swift; path = CurrentUserProfileView.swift; sourceTree = "<group>"; };
		BDDA23B52B027D260011697D /* ProfileHeaderView.swift */ = {isa = PBXFileReference; lastKnownFileType = sourcecode.swift; path = ProfileHeaderView.swift; sourceTree = "<group>"; };
		BDDA23B72B027F130011697D /* UserContentListView.swift */ = {isa = PBXFileReference; lastKnownFileType = sourcecode.swift; path = UserContentListView.swift; sourceTree = "<group>"; };
		BDDA23BA2B02B46D0011697D /* EditProfileViewModel.swift */ = {isa = PBXFileReference; lastKnownFileType = sourcecode.swift; path = EditProfileViewModel.swift; sourceTree = "<group>"; };
		BDDA23BC2B02BC8F0011697D /* ImageUploader.swift */ = {isa = PBXFileReference; lastKnownFileType = sourcecode.swift; path = ImageUploader.swift; sourceTree = "<group>"; };
/* End PBXFileReference section */

/* Begin PBXFrameworksBuildPhase section */
		BD9F023D2AFE9B8C00AB8AA8 /* Frameworks */ = {
			isa = PBXFrameworksBuildPhase;
			buildActionMask = 2147483647;
			files = (
				BD8ACEFF2AFFFF8C00FD3FB4 /* FirebaseAnalyticsSwift in Frameworks */,
				BD8ACF062B00007D00FD3FB4 /* FirebaseAuth in Frameworks */,
				BD8ACEFB2AFFFF8C00FD3FB4 /* FirebaseAnalytics in Frameworks */,
				BD8ACEFD2AFFFF8C00FD3FB4 /* FirebaseAnalyticsOnDeviceConversion in Frameworks */,
				BDDA23C02B03B85A0011697D /* Kingfisher in Frameworks */,
				BD8ACF032AFFFF8C00FD3FB4 /* FirebaseAppCheck in Frameworks */,
				BD8ACF0A2B00009200FD3FB4 /* FirebaseStorage in Frameworks */,
				BD8ACF082B00008A00FD3FB4 /* FirebaseDatabase in Frameworks */,
				BD8ACF012AFFFF8C00FD3FB4 /* FirebaseAnalyticsWithoutAdIdSupport in Frameworks */,
				BD8ACF142B0018F600FD3FB4 /* FirebaseFirestoreSwift in Frameworks */,
			);
			runOnlyForDeploymentPostprocessing = 0;
		};
/* End PBXFrameworksBuildPhase section */

/* Begin PBXGroup section */
		BD8ACF042B00007D00FD3FB4 /* Frameworks */ = {
			isa = PBXGroup;
			children = (
			);
			name = Frameworks;
			sourceTree = "<group>";
		};
		BD8ACF0B2B0002E600FD3FB4 /* View */ = {
			isa = PBXGroup;
			children = (
				BD9F02452AFE9B8C00AB8AA8 /* ContentView.swift */,
			);
			path = View;
			sourceTree = "<group>";
		};
		BD8ACF0C2B0002EC00FD3FB4 /* ViewModel */ = {
			isa = PBXGroup;
			children = (
				BD8ACF0D2B00030200FD3FB4 /* ContentViewModel.swift */,
			);
			path = ViewModel;
			sourceTree = "<group>";
		};
		BD9F02372AFE9B8C00AB8AA8 = {
			isa = PBXGroup;
			children = (
				BD9F02422AFE9B8C00AB8AA8 /* ThreadsTutorial */,
				BD9F02412AFE9B8C00AB8AA8 /* Products */,
				BD8ACF042B00007D00FD3FB4 /* Frameworks */,
			);
			sourceTree = "<group>";
		};
		BD9F02412AFE9B8C00AB8AA8 /* Products */ = {
			isa = PBXGroup;
			children = (
				BD9F02402AFE9B8C00AB8AA8 /* ThreadsTutorial.app */,
			);
			name = Products;
			sourceTree = "<group>";
		};
		BD9F02422AFE9B8C00AB8AA8 /* ThreadsTutorial */ = {
			isa = PBXGroup;
			children = (
				BD9F02992AFF357C00AB8AA8 /* GoogleService-Info.plist */,
				BD9F02562AFE9BB300AB8AA8 /* App */,
				BD9F02552AFE9BB100AB8AA8 /* Core */,
				BD9F02542AFE9BAC00AB8AA8 /* Extensions */,
				BD9F02532AFE9BA700AB8AA8 /* Models */,
				BD9F02522AFE9BA500AB8AA8 /* Services */,
				BD9F02512AFE9BA200AB8AA8 /* Utils */,
				BD9F02472AFE9B8F00AB8AA8 /* Assets.xcassets */,
				BD9F02492AFE9B8F00AB8AA8 /* Preview Content */,
			);
			path = ThreadsTutorial;
			sourceTree = "<group>";
		};
		BD9F02492AFE9B8F00AB8AA8 /* Preview Content */ = {
			isa = PBXGroup;
			children = (
				BD9F024A2AFE9B8F00AB8AA8 /* Preview Assets.xcassets */,
			);
			path = "Preview Content";
			sourceTree = "<group>";
		};
		BD9F02512AFE9BA200AB8AA8 /* Utils */ = {
			isa = PBXGroup;
			children = (
				BD9F025E2AFEA1F800AB8AA8 /* ViewModifiers */,
				BDA504222B0666B000EBB161 /* Constants.swift */,
			);
			path = Utils;
			sourceTree = "<group>";
		};
		BD9F02522AFE9BA500AB8AA8 /* Services */ = {
			isa = PBXGroup;
			children = (
				BD8ACF152B001B2B00FD3FB4 /* UserService.swift */,
				BDDA23BC2B02BC8F0011697D /* ImageUploader.swift */,
				BDA138E52B05286200781443 /* ThreadService.swift */,
			);
			path = Services;
			sourceTree = "<group>";
		};
		BD9F02532AFE9BA700AB8AA8 /* Models */ = {
			isa = PBXGroup;
			children = (
				BD8ACF112B00171700FD3FB4 /* User.swift */,
				BDA138E02B05276C00781443 /* Thread.swift */,
			);
			path = Models;
			sourceTree = "<group>";
		};
		BD9F02542AFE9BAC00AB8AA8 /* Extensions */ = {
			isa = PBXGroup;
			children = (
				BDDA23AD2B0277040011697D /* PreviewProvider.swift */,
				BDA138EE2B054E0A00781443 /* Timestamp.swift */,
				BDA5042A2B07C60100EBB161 /* String.swift */,
			);
			path = Extensions;
			sourceTree = "<group>";
		};
		BD9F02552AFE9BB100AB8AA8 /* Core */ = {
			isa = PBXGroup;
			children = (
				BD9F027C2AFEF9F500AB8AA8 /* Components */,
				BD9F02762AFEF3E400AB8AA8 /* Profile */,
				BD9F026F2AFEF38A00AB8AA8 /* Activity */,
				BD9F02682AFEF31100AB8AA8 /* Explore */,
				BD9F02642AFEF2E100AB8AA8 /* Feed */,
				BD9F02612AFEF13800AB8AA8 /* TabBar */,
				BD9F02582AFE9BED00AB8AA8 /* Authentication */,
				BD9F02572AFE9BEB00AB8AA8 /* Root */,
				BD9F026D2AFEF36B00AB8AA8 /* ThreadCreation */,
				BDA504252B07AB9E00EBB161 /* ThreadReplies */,
			);
			path = Core;
			sourceTree = "<group>";
		};
		BD9F02562AFE9BB300AB8AA8 /* App */ = {
			isa = PBXGroup;
			children = (
				BD9F02432AFE9B8C00AB8AA8 /* ThreadsTutorialApp.swift */,
			);
			path = App;
			sourceTree = "<group>";
		};
		BD9F02572AFE9BEB00AB8AA8 /* Root */ = {
			isa = PBXGroup;
			children = (
				BD8ACF0C2B0002EC00FD3FB4 /* ViewModel */,
				BD8ACF0B2B0002E600FD3FB4 /* View */,
			);
			path = Root;
			sourceTree = "<group>";
		};
		BD9F02582AFE9BED00AB8AA8 /* Authentication */ = {
			isa = PBXGroup;
			children = (
				BD9F029D2AFF4A9700AB8AA8 /* Service */,
				BD9F029C2AFF4A8F00AB8AA8 /* ViewModel */,
				BD9F02592AFE9C1100AB8AA8 /* Views */,
			);
			path = Authentication;
			sourceTree = "<group>";
		};
		BD9F02592AFE9C1100AB8AA8 /* Views */ = {
			isa = PBXGroup;
			children = (
				BD9F025A2AFE9C2800AB8AA8 /* LoginView.swift */,
				BD9F025C2AFE9F3E00AB8AA8 /* RegistrationView.swift */,
			);
			path = Views;
			sourceTree = "<group>";
		};
		BD9F025E2AFEA1F800AB8AA8 /* ViewModifiers */ = {
			isa = PBXGroup;
			children = (
				BD9F025F2AFEA23200AB8AA8 /* ThreadsTextFieldModifier.swift */,
			);
			path = ViewModifiers;
			sourceTree = "<group>";
		};
		BD9F02612AFEF13800AB8AA8 /* TabBar */ = {
			isa = PBXGroup;
			children = (
				BD9F02622AFEF15E00AB8AA8 /* ThreadsTabView.swift */,
			);
			path = TabBar;
			sourceTree = "<group>";
		};
		BD9F02642AFEF2E100AB8AA8 /* Feed */ = {
			isa = PBXGroup;
			children = (
				BDA138E72B05429200781443 /* ViewModel */,
				BD9F02652AFEF2E800AB8AA8 /* View */,
			);
			path = Feed;
			sourceTree = "<group>";
		};
		BD9F02652AFEF2E800AB8AA8 /* View */ = {
			isa = PBXGroup;
			children = (
				BD9F02662AFEF2F900AB8AA8 /* FeedView.swift */,
			);
			path = View;
			sourceTree = "<group>";
		};
		BD9F02682AFEF31100AB8AA8 /* Explore */ = {
			isa = PBXGroup;
			children = (
				BDDA23AA2B02751E0011697D /* ViewModel */,
				BD9F026A2AFEF32000AB8AA8 /* View */,
			);
			path = Explore;
			sourceTree = "<group>";
		};
		BD9F026A2AFEF32000AB8AA8 /* View */ = {
			isa = PBXGroup;
			children = (
				BD9F026B2AFEF33300AB8AA8 /* ExploreView.swift */,
			);
			path = View;
			sourceTree = "<group>";
		};
		BD9F026D2AFEF36B00AB8AA8 /* ThreadCreation */ = {
			isa = PBXGroup;
			children = (
				BDA138E22B05283400781443 /* ViewModel */,
				BD9F02702AFEF39200AB8AA8 /* View */,
			);
			path = ThreadCreation;
			sourceTree = "<group>";
		};
		BD9F026F2AFEF38A00AB8AA8 /* Activity */ = {
			isa = PBXGroup;
			children = (
				BD9F02732AFEF3B900AB8AA8 /* View */,
			);
			path = Activity;
			sourceTree = "<group>";
		};
		BD9F02702AFEF39200AB8AA8 /* View */ = {
			isa = PBXGroup;
			children = (
				BD9F02712AFEF3A300AB8AA8 /* CreateThreadView.swift */,
			);
			path = View;
			sourceTree = "<group>";
		};
		BD9F02732AFEF3B900AB8AA8 /* View */ = {
			isa = PBXGroup;
			children = (
				BD9F02742AFEF3D600AB8AA8 /* ActivityView.swift */,
			);
			path = View;
			sourceTree = "<group>";
		};
		BD9F02762AFEF3E400AB8AA8 /* Profile */ = {
			isa = PBXGroup;
			children = (
				BDDA23B42B027D0E0011697D /* Components */,
				BDDA23AF2B027A340011697D /* CurrentUserProfile */,
				BD9F02842AFF027A00AB8AA8 /* EditProfile */,
				BD9F02812AFEFE5300AB8AA8 /* Model */,
				BD9F02772AFEF3EA00AB8AA8 /* UserProfile */,
			);
			path = Profile;
			sourceTree = "<group>";
		};
		BD9F02772AFEF3EA00AB8AA8 /* UserProfile */ = {
			isa = PBXGroup;
			children = (
				BD9F02782AFEF40400AB8AA8 /* ProfileView.swift */,
			);
			path = UserProfile;
			sourceTree = "<group>";
		};
		BD9F027C2AFEF9F500AB8AA8 /* Components */ = {
			isa = PBXGroup;
			children = (
				BDA5041B2B06614100EBB161 /* Users */,
				BDA5041A2B06613900EBB161 /* Threads */,
			);
			path = Components;
			sourceTree = "<group>";
		};
		BD9F02812AFEFE5300AB8AA8 /* Model */ = {
			isa = PBXGroup;
			children = (
				BD9F02822AFEFE6700AB8AA8 /* ProfileThreadFilter.swift */,
			);
			path = Model;
			sourceTree = "<group>";
		};
		BD9F02842AFF027A00AB8AA8 /* EditProfile */ = {
			isa = PBXGroup;
			children = (
				BDDA23B92B02B45A0011697D /* ViewModel */,
				BD9F02852AFF028E00AB8AA8 /* View */,
			);
			path = EditProfile;
			sourceTree = "<group>";
		};
		BD9F02852AFF028E00AB8AA8 /* View */ = {
			isa = PBXGroup;
			children = (
				BD9F02862AFF02A200AB8AA8 /* EditProfileView.swift */,
			);
			path = View;
			sourceTree = "<group>";
		};
		BD9F029C2AFF4A8F00AB8AA8 /* ViewModel */ = {
			isa = PBXGroup;
			children = (
				BD9F029E2AFF4AAB00AB8AA8 /* RegistrationViewModel.swift */,
				BD8ACF0F2B00062300FD3FB4 /* LoginViewModel.swift */,
			);
			path = ViewModel;
			sourceTree = "<group>";
		};
		BD9F029D2AFF4A9700AB8AA8 /* Service */ = {
			isa = PBXGroup;
			children = (
				BD9F02A12AFF4DFD00AB8AA8 /* AuthService.swift */,
			);
			path = Service;
			sourceTree = "<group>";
		};
		BDA138E22B05283400781443 /* ViewModel */ = {
			isa = PBXGroup;
			children = (
				BDA138E32B05284C00781443 /* CreateThreadViewModel.swift */,
			);
			path = ViewModel;
			sourceTree = "<group>";
		};
		BDA138E72B05429200781443 /* ViewModel */ = {
			isa = PBXGroup;
			children = (
				BDA138E82B0542A700781443 /* FeedViewModel.swift */,
			);
			name = ViewModel;
			sourceTree = "<group>";
		};
		BDA138EA2B054AD400781443 /* View */ = {
			isa = PBXGroup;
			children = (
				BDDA23B52B027D260011697D /* ProfileHeaderView.swift */,
				BDDA23B72B027F130011697D /* UserContentListView.swift */,
			);
			path = View;
			sourceTree = "<group>";
		};
		BDA138EB2B054AD900781443 /* ViewModel */ = {
			isa = PBXGroup;
			children = (
				BDA138EC2B054AF400781443 /* UserContentListViewModel.swift */,
			);
			path = ViewModel;
			sourceTree = "<group>";
		};
		BDA5041A2B06613900EBB161 /* Threads */ = {
			isa = PBXGroup;
			children = (
				BDA5041E2B06624C00EBB161 /* View */,
				BDA5041F2B06625400EBB161 /* ViewModel */,
			);
			path = Threads;
			sourceTree = "<group>";
		};
		BDA5041B2B06614100EBB161 /* Users */ = {
			isa = PBXGroup;
			children = (
				BD9F027D2AFEFA1100AB8AA8 /* CircularProfileImageView.swift */,
				BD9F027F2AFEFAD000AB8AA8 /* UserCell.swift */,
			);
			path = Users;
			sourceTree = "<group>";
		};
		BDA5041E2B06624C00EBB161 /* View */ = {
			isa = PBXGroup;
			children = (
				BD9F027A2AFEF52600AB8AA8 /* ThreadCell.swift */,
				BDA5041C2B06616E00EBB161 /* ContentActionButtonView.swift */,
			);
			path = View;
			sourceTree = "<group>";
		};
		BDA5041F2B06625400EBB161 /* ViewModel */ = {
			isa = PBXGroup;
			children = (
				BDA504202B06627900EBB161 /* ContentActionButtonViewModel.swift */,
			);
			path = ViewModel;
			sourceTree = "<group>";
		};
		BDA504252B07AB9E00EBB161 /* ThreadReplies */ = {
			isa = PBXGroup;
			children = (
				BDA5042F2B07E05C00EBB161 /* Service */,
				BDA5042C2B07CACC00EBB161 /* Model */,
				BDA504262B07ABCF00EBB161 /* Views */,
				BDA504272B07ABD600EBB161 /* ViewModel */,
			);
			path = ThreadReplies;
			sourceTree = "<group>";
		};
		BDA504262B07ABCF00EBB161 /* Views */ = {
			isa = PBXGroup;
			children = (
				BDA504282B07AC2200EBB161 /* ThreadReplyView.swift */,
			);
			path = Views;
			sourceTree = "<group>";
		};
		BDA504272B07ABD600EBB161 /* ViewModel */ = {
			isa = PBXGroup;
			children = (
				BDA504322B07E18B00EBB161 /* ThreadReplyViewModel.swift */,
			);
			path = ViewModel;
			sourceTree = "<group>";
		};
		BDA5042C2B07CACC00EBB161 /* Model */ = {
			isa = PBXGroup;
			children = (
				BDA5042D2B07CAE500EBB161 /* ThreadReply.swift */,
			);
			path = Model;
			sourceTree = "<group>";
		};
		BDA5042F2B07E05C00EBB161 /* Service */ = {
			isa = PBXGroup;
			children = (
				BDA504302B07E07100EBB161 /* ThreadReplyService.swift */,
			);
			path = Service;
			sourceTree = "<group>";
		};
		BDDA23AA2B02751E0011697D /* ViewModel */ = {
			isa = PBXGroup;
			children = (
				BDDA23AB2B0275330011697D /* ExploreViewModel.swift */,
			);
			path = ViewModel;
			sourceTree = "<group>";
		};
		BDDA23AF2B027A340011697D /* CurrentUserProfile */ = {
			isa = PBXGroup;
			children = (
				BDDA23B32B027ADA0011697D /* ViewModel */,
				BDDA23B02B027A590011697D /* View */,
			);
			path = CurrentUserProfile;
			sourceTree = "<group>";
		};
		BDDA23B02B027A590011697D /* View */ = {
			isa = PBXGroup;
			children = (
				BDDA23B12B027A710011697D /* CurrentUserProfileView.swift */,
			);
			path = View;
			sourceTree = "<group>";
		};
		BDDA23B32B027ADA0011697D /* ViewModel */ = {
			isa = PBXGroup;
			children = (
				BD8ACF182B001BF900FD3FB4 /* CurrentUserProfileViewModel.swift */,
			);
			path = ViewModel;
			sourceTree = "<group>";
		};
		BDDA23B42B027D0E0011697D /* Components */ = {
			isa = PBXGroup;
			children = (
				BDA138EB2B054AD900781443 /* ViewModel */,
				BDA138EA2B054AD400781443 /* View */,
			);
			path = Components;
			sourceTree = "<group>";
		};
		BDDA23B92B02B45A0011697D /* ViewModel */ = {
			isa = PBXGroup;
			children = (
				BDDA23BA2B02B46D0011697D /* EditProfileViewModel.swift */,
			);
			path = ViewModel;
			sourceTree = "<group>";
		};
/* End PBXGroup section */

/* Begin PBXNativeTarget section */
		BD9F023F2AFE9B8C00AB8AA8 /* ThreadsTutorial */ = {
			isa = PBXNativeTarget;
			buildConfigurationList = BD9F024E2AFE9B8F00AB8AA8 /* Build configuration list for PBXNativeTarget "ThreadsTutorial" */;
			buildPhases = (
				BD9F023C2AFE9B8C00AB8AA8 /* Sources */,
				BD9F023D2AFE9B8C00AB8AA8 /* Frameworks */,
				BD9F023E2AFE9B8C00AB8AA8 /* Resources */,
			);
			buildRules = (
			);
			dependencies = (
			);
			name = ThreadsTutorial;
			packageProductDependencies = (
				BD8ACEFA2AFFFF8C00FD3FB4 /* FirebaseAnalytics */,
				BD8ACEFC2AFFFF8C00FD3FB4 /* FirebaseAnalyticsOnDeviceConversion */,
				BD8ACEFE2AFFFF8C00FD3FB4 /* FirebaseAnalyticsSwift */,
				BD8ACF002AFFFF8C00FD3FB4 /* FirebaseAnalyticsWithoutAdIdSupport */,
				BD8ACF022AFFFF8C00FD3FB4 /* FirebaseAppCheck */,
				BD8ACF052B00007D00FD3FB4 /* FirebaseAuth */,
				BD8ACF072B00008A00FD3FB4 /* FirebaseDatabase */,
				BD8ACF092B00009200FD3FB4 /* FirebaseStorage */,
				BD8ACF132B0018F600FD3FB4 /* FirebaseFirestoreSwift */,
				BDDA23BF2B03B85A0011697D /* Kingfisher */,
			);
			productName = ThreadsTutorial;
			productReference = BD9F02402AFE9B8C00AB8AA8 /* ThreadsTutorial.app */;
			productType = "com.apple.product-type.application";
		};
/* End PBXNativeTarget section */

/* Begin PBXProject section */
		BD9F02382AFE9B8C00AB8AA8 /* Project object */ = {
			isa = PBXProject;
			attributes = {
				BuildIndependentTargetsInParallel = 1;
				LastSwiftUpdateCheck = 1500;
				LastUpgradeCheck = 1500;
				TargetAttributes = {
					BD9F023F2AFE9B8C00AB8AA8 = {
						CreatedOnToolsVersion = 15.0.1;
					};
				};
			};
			buildConfigurationList = BD9F023B2AFE9B8C00AB8AA8 /* Build configuration list for PBXProject "ThreadsTutorial" */;
			compatibilityVersion = "Xcode 14.0";
			developmentRegion = en;
			hasScannedForEncodings = 0;
			knownRegions = (
				en,
				Base,
			);
			mainGroup = BD9F02372AFE9B8C00AB8AA8;
			packageReferences = (
				BD8ACEF92AFFFF8C00FD3FB4 /* XCRemoteSwiftPackageReference "firebase-ios-sdk" */,
				BDDA23BE2B03B85A0011697D /* XCRemoteSwiftPackageReference "Kingfisher" */,
			);
			productRefGroup = BD9F02412AFE9B8C00AB8AA8 /* Products */;
			projectDirPath = "";
			projectRoot = "";
			targets = (
				BD9F023F2AFE9B8C00AB8AA8 /* ThreadsTutorial */,
			);
		};
/* End PBXProject section */

/* Begin PBXResourcesBuildPhase section */
		BD9F023E2AFE9B8C00AB8AA8 /* Resources */ = {
			isa = PBXResourcesBuildPhase;
			buildActionMask = 2147483647;
			files = (
				BD9F024B2AFE9B8F00AB8AA8 /* Preview Assets.xcassets in Resources */,
				BD9F02482AFE9B8F00AB8AA8 /* Assets.xcassets in Resources */,
				BD9F02A02AFF4CD600AB8AA8 /* GoogleService-Info.plist in Resources */,
			);
			runOnlyForDeploymentPostprocessing = 0;
		};
/* End PBXResourcesBuildPhase section */

/* Begin PBXSourcesBuildPhase section */
		BD9F023C2AFE9B8C00AB8AA8 /* Sources */ = {
			isa = PBXSourcesBuildPhase;
			buildActionMask = 2147483647;
			files = (
				BDA5041D2B06616E00EBB161 /* ContentActionButtonView.swift in Sources */,
				BD9F02672AFEF2F900AB8AA8 /* FeedView.swift in Sources */,
				BDA5042B2B07C60100EBB161 /* String.swift in Sources */,
				BDA138E12B05276C00781443 /* Thread.swift in Sources */,
				BD9F029F2AFF4AAB00AB8AA8 /* RegistrationViewModel.swift in Sources */,
				BD9F025B2AFE9C2800AB8AA8 /* LoginView.swift in Sources */,
				BD9F02A22AFF4DFE00AB8AA8 /* AuthService.swift in Sources */,
				BDDA23AE2B0277040011697D /* PreviewProvider.swift in Sources */,
				BDA138EF2B054E0A00781443 /* Timestamp.swift in Sources */,
				BDDA23BB2B02B46D0011697D /* EditProfileViewModel.swift in Sources */,
				BDA5042E2B07CAE500EBB161 /* ThreadReply.swift in Sources */,
				BD9F02872AFF02A200AB8AA8 /* EditProfileView.swift in Sources */,
				BD9F02462AFE9B8C00AB8AA8 /* ContentView.swift in Sources */,
				BD8ACF162B001B2B00FD3FB4 /* UserService.swift in Sources */,
				BD9F027B2AFEF52600AB8AA8 /* ThreadCell.swift in Sources */,
				BDDA23B82B027F130011697D /* UserContentListView.swift in Sources */,
				BD9F02752AFEF3D600AB8AA8 /* ActivityView.swift in Sources */,
				BD8ACF102B00062300FD3FB4 /* LoginViewModel.swift in Sources */,
				BDA138ED2B054AF400781443 /* UserContentListViewModel.swift in Sources */,
				BDA138E42B05284C00781443 /* CreateThreadViewModel.swift in Sources */,
				BD9F027E2AFEFA1100AB8AA8 /* CircularProfileImageView.swift in Sources */,
				BD9F02802AFEFAD000AB8AA8 /* UserCell.swift in Sources */,
				BDA504232B0666B000EBB161 /* Constants.swift in Sources */,
				BDA504212B06627900EBB161 /* ContentActionButtonViewModel.swift in Sources */,
				BDDA23AC2B0275330011697D /* ExploreViewModel.swift in Sources */,
				BDA138E92B0542A700781443 /* FeedViewModel.swift in Sources */,
				BD9F02722AFEF3A300AB8AA8 /* CreateThreadView.swift in Sources */,
				BDDA23BD2B02BC8F0011697D /* ImageUploader.swift in Sources */,
				BD9F02832AFEFE6700AB8AA8 /* ProfileThreadFilter.swift in Sources */,
				BD8ACF0E2B00030200FD3FB4 /* ContentViewModel.swift in Sources */,
				BD8ACF192B001BF900FD3FB4 /* CurrentUserProfileViewModel.swift in Sources */,
				BD9F02632AFEF15E00AB8AA8 /* ThreadsTabView.swift in Sources */,
				BDDA23B22B027A710011697D /* CurrentUserProfileView.swift in Sources */,
				BD9F02602AFEA23200AB8AA8 /* ThreadsTextFieldModifier.swift in Sources */,
				BDA504312B07E07100EBB161 /* ThreadReplyService.swift in Sources */,
				BD9F02442AFE9B8C00AB8AA8 /* ThreadsTutorialApp.swift in Sources */,
				BDDA23B62B027D260011697D /* ProfileHeaderView.swift in Sources */,
				BD9F026C2AFEF33300AB8AA8 /* ExploreView.swift in Sources */,
				BD9F02792AFEF40400AB8AA8 /* ProfileView.swift in Sources */,
				BD9F025D2AFE9F3E00AB8AA8 /* RegistrationView.swift in Sources */,
				BD8ACF122B00171700FD3FB4 /* User.swift in Sources */,
				BDA504332B07E18B00EBB161 /* ThreadReplyViewModel.swift in Sources */,
				BDA138E62B05286200781443 /* ThreadService.swift in Sources */,
				BDA504292B07AC2200EBB161 /* ThreadReplyView.swift in Sources */,
			);
			runOnlyForDeploymentPostprocessing = 0;
		};
/* End PBXSourcesBuildPhase section */

/* Begin XCBuildConfiguration section */
		BD9F024C2AFE9B8F00AB8AA8 /* Debug */ = {
			isa = XCBuildConfiguration;
			buildSettings = {
				ALWAYS_SEARCH_USER_PATHS = NO;
				ASSETCATALOG_COMPILER_GENERATE_SWIFT_ASSET_SYMBOL_EXTENSIONS = YES;
				CLANG_ANALYZER_NONNULL = YES;
				CLANG_ANALYZER_NUMBER_OBJECT_CONVERSION = YES_AGGRESSIVE;
				CLANG_CXX_LANGUAGE_STANDARD = "gnu++20";
				CLANG_ENABLE_MODULES = YES;
				CLANG_ENABLE_OBJC_ARC = YES;
				CLANG_ENABLE_OBJC_WEAK = YES;
				CLANG_WARN_BLOCK_CAPTURE_AUTORELEASING = YES;
				CLANG_WARN_BOOL_CONVERSION = YES;
				CLANG_WARN_COMMA = YES;
				CLANG_WARN_CONSTANT_CONVERSION = YES;
				CLANG_WARN_DEPRECATED_OBJC_IMPLEMENTATIONS = YES;
				CLANG_WARN_DIRECT_OBJC_ISA_USAGE = YES_ERROR;
				CLANG_WARN_DOCUMENTATION_COMMENTS = YES;
				CLANG_WARN_EMPTY_BODY = YES;
				CLANG_WARN_ENUM_CONVERSION = YES;
				CLANG_WARN_INFINITE_RECURSION = YES;
				CLANG_WARN_INT_CONVERSION = YES;
				CLANG_WARN_NON_LITERAL_NULL_CONVERSION = YES;
				CLANG_WARN_OBJC_IMPLICIT_RETAIN_SELF = YES;
				CLANG_WARN_OBJC_LITERAL_CONVERSION = YES;
				CLANG_WARN_OBJC_ROOT_CLASS = YES_ERROR;
				CLANG_WARN_QUOTED_INCLUDE_IN_FRAMEWORK_HEADER = YES;
				CLANG_WARN_RANGE_LOOP_ANALYSIS = YES;
				CLANG_WARN_STRICT_PROTOTYPES = YES;
				CLANG_WARN_SUSPICIOUS_MOVE = YES;
				CLANG_WARN_UNGUARDED_AVAILABILITY = YES_AGGRESSIVE;
				CLANG_WARN_UNREACHABLE_CODE = YES;
				CLANG_WARN__DUPLICATE_METHOD_MATCH = YES;
				COPY_PHASE_STRIP = NO;
				DEBUG_INFORMATION_FORMAT = dwarf;
				ENABLE_STRICT_OBJC_MSGSEND = YES;
				ENABLE_TESTABILITY = YES;
				ENABLE_USER_SCRIPT_SANDBOXING = YES;
				GCC_C_LANGUAGE_STANDARD = gnu17;
				GCC_DYNAMIC_NO_PIC = NO;
				GCC_NO_COMMON_BLOCKS = YES;
				GCC_OPTIMIZATION_LEVEL = 0;
				GCC_PREPROCESSOR_DEFINITIONS = (
					"DEBUG=1",
					"$(inherited)",
				);
				GCC_WARN_64_TO_32_BIT_CONVERSION = YES;
				GCC_WARN_ABOUT_RETURN_TYPE = YES_ERROR;
				GCC_WARN_UNDECLARED_SELECTOR = YES;
				GCC_WARN_UNINITIALIZED_AUTOS = YES_AGGRESSIVE;
				GCC_WARN_UNUSED_FUNCTION = YES;
				GCC_WARN_UNUSED_VARIABLE = YES;
				IPHONEOS_DEPLOYMENT_TARGET = 16.0;
				LOCALIZATION_PREFERS_STRING_CATALOGS = YES;
				MTL_ENABLE_DEBUG_INFO = INCLUDE_SOURCE;
				MTL_FAST_MATH = YES;
				ONLY_ACTIVE_ARCH = YES;
				SDKROOT = iphoneos;
				SWIFT_ACTIVE_COMPILATION_CONDITIONS = "DEBUG $(inherited)";
				SWIFT_OPTIMIZATION_LEVEL = "-Onone";
			};
			name = Debug;
		};
		BD9F024D2AFE9B8F00AB8AA8 /* Release */ = {
			isa = XCBuildConfiguration;
			buildSettings = {
				ALWAYS_SEARCH_USER_PATHS = NO;
				ASSETCATALOG_COMPILER_GENERATE_SWIFT_ASSET_SYMBOL_EXTENSIONS = YES;
				CLANG_ANALYZER_NONNULL = YES;
				CLANG_ANALYZER_NUMBER_OBJECT_CONVERSION = YES_AGGRESSIVE;
				CLANG_CXX_LANGUAGE_STANDARD = "gnu++20";
				CLANG_ENABLE_MODULES = YES;
				CLANG_ENABLE_OBJC_ARC = YES;
				CLANG_ENABLE_OBJC_WEAK = YES;
				CLANG_WARN_BLOCK_CAPTURE_AUTORELEASING = YES;
				CLANG_WARN_BOOL_CONVERSION = YES;
				CLANG_WARN_COMMA = YES;
				CLANG_WARN_CONSTANT_CONVERSION = YES;
				CLANG_WARN_DEPRECATED_OBJC_IMPLEMENTATIONS = YES;
				CLANG_WARN_DIRECT_OBJC_ISA_USAGE = YES_ERROR;
				CLANG_WARN_DOCUMENTATION_COMMENTS = YES;
				CLANG_WARN_EMPTY_BODY = YES;
				CLANG_WARN_ENUM_CONVERSION = YES;
				CLANG_WARN_INFINITE_RECURSION = YES;
				CLANG_WARN_INT_CONVERSION = YES;
				CLANG_WARN_NON_LITERAL_NULL_CONVERSION = YES;
				CLANG_WARN_OBJC_IMPLICIT_RETAIN_SELF = YES;
				CLANG_WARN_OBJC_LITERAL_CONVERSION = YES;
				CLANG_WARN_OBJC_ROOT_CLASS = YES_ERROR;
				CLANG_WARN_QUOTED_INCLUDE_IN_FRAMEWORK_HEADER = YES;
				CLANG_WARN_RANGE_LOOP_ANALYSIS = YES;
				CLANG_WARN_STRICT_PROTOTYPES = YES;
				CLANG_WARN_SUSPICIOUS_MOVE = YES;
				CLANG_WARN_UNGUARDED_AVAILABILITY = YES_AGGRESSIVE;
				CLANG_WARN_UNREACHABLE_CODE = YES;
				CLANG_WARN__DUPLICATE_METHOD_MATCH = YES;
				COPY_PHASE_STRIP = NO;
				DEBUG_INFORMATION_FORMAT = "dwarf-with-dsym";
				ENABLE_NS_ASSERTIONS = NO;
				ENABLE_STRICT_OBJC_MSGSEND = YES;
				ENABLE_USER_SCRIPT_SANDBOXING = YES;
				GCC_C_LANGUAGE_STANDARD = gnu17;
				GCC_NO_COMMON_BLOCKS = YES;
				GCC_WARN_64_TO_32_BIT_CONVERSION = YES;
				GCC_WARN_ABOUT_RETURN_TYPE = YES_ERROR;
				GCC_WARN_UNDECLARED_SELECTOR = YES;
				GCC_WARN_UNINITIALIZED_AUTOS = YES_AGGRESSIVE;
				GCC_WARN_UNUSED_FUNCTION = YES;
				GCC_WARN_UNUSED_VARIABLE = YES;
				IPHONEOS_DEPLOYMENT_TARGET = 16.0;
				LOCALIZATION_PREFERS_STRING_CATALOGS = YES;
				MTL_ENABLE_DEBUG_INFO = NO;
				MTL_FAST_MATH = YES;
				SDKROOT = iphoneos;
				SWIFT_COMPILATION_MODE = wholemodule;
				VALIDATE_PRODUCT = YES;
			};
			name = Release;
		};
		BD9F024F2AFE9B8F00AB8AA8 /* Debug */ = {
			isa = XCBuildConfiguration;
			buildSettings = {
				ASSETCATALOG_COMPILER_APPICON_NAME = AppIcon;
				ASSETCATALOG_COMPILER_GLOBAL_ACCENT_COLOR_NAME = AccentColor;
				CODE_SIGN_STYLE = Automatic;
				CURRENT_PROJECT_VERSION = 1;
				DEVELOPMENT_ASSET_PATHS = "\"ThreadsTutorial/Preview Content\"";
				DEVELOPMENT_TEAM = Z8Y3TFDSG6;
				ENABLE_PREVIEWS = YES;
				GENERATE_INFOPLIST_FILE = YES;
				INFOPLIST_FILE = ThreadsTutorial/Info.plist;
				INFOPLIST_KEY_UIApplicationSceneManifest_Generation = YES;
				INFOPLIST_KEY_UIApplicationSupportsIndirectInputEvents = YES;
				INFOPLIST_KEY_UILaunchScreen_Generation = YES;
				INFOPLIST_KEY_UISupportedInterfaceOrientations_iPad = "UIInterfaceOrientationPortrait UIInterfaceOrientationPortraitUpsideDown UIInterfaceOrientationLandscapeLeft UIInterfaceOrientationLandscapeRight";
				INFOPLIST_KEY_UISupportedInterfaceOrientations_iPhone = "UIInterfaceOrientationPortrait UIInterfaceOrientationLandscapeLeft UIInterfaceOrientationLandscapeRight";
				IPHONEOS_DEPLOYMENT_TARGET = 16;
				LD_RUNPATH_SEARCH_PATHS = (
					"$(inherited)",
					"@executable_path/Frameworks",
				);
				MARKETING_VERSION = 1.0;
				PRODUCT_BUNDLE_IDENTIFIER = com.ryanchoi.ThreadsTutorial;
				PRODUCT_NAME = "$(TARGET_NAME)";
				SWIFT_EMIT_LOC_STRINGS = YES;
				SWIFT_VERSION = 5.0;
				TARGETED_DEVICE_FAMILY = "1,2";
			};
			name = Debug;
		};
		BD9F02502AFE9B8F00AB8AA8 /* Release */ = {
			isa = XCBuildConfiguration;
			buildSettings = {
				ASSETCATALOG_COMPILER_APPICON_NAME = AppIcon;
				ASSETCATALOG_COMPILER_GLOBAL_ACCENT_COLOR_NAME = AccentColor;
				CODE_SIGN_STYLE = Automatic;
				CURRENT_PROJECT_VERSION = 1;
				DEVELOPMENT_ASSET_PATHS = "\"ThreadsTutorial/Preview Content\"";
				DEVELOPMENT_TEAM = Z8Y3TFDSG6;
				ENABLE_PREVIEWS = YES;
				GENERATE_INFOPLIST_FILE = YES;
				INFOPLIST_FILE = ThreadsTutorial/Info.plist;
				INFOPLIST_KEY_UIApplicationSceneManifest_Generation = YES;
				INFOPLIST_KEY_UIApplicationSupportsIndirectInputEvents = YES;
				INFOPLIST_KEY_UILaunchScreen_Generation = YES;
				INFOPLIST_KEY_UISupportedInterfaceOrientations_iPad = "UIInterfaceOrientationPortrait UIInterfaceOrientationPortraitUpsideDown UIInterfaceOrientationLandscapeLeft UIInterfaceOrientationLandscapeRight";
				INFOPLIST_KEY_UISupportedInterfaceOrientations_iPhone = "UIInterfaceOrientationPortrait UIInterfaceOrientationLandscapeLeft UIInterfaceOrientationLandscapeRight";
				IPHONEOS_DEPLOYMENT_TARGET = 16;
				LD_RUNPATH_SEARCH_PATHS = (
					"$(inherited)",
					"@executable_path/Frameworks",
				);
				MARKETING_VERSION = 1.0;
				PRODUCT_BUNDLE_IDENTIFIER = com.ryanchoi.ThreadsTutorial;
				PRODUCT_NAME = "$(TARGET_NAME)";
				SWIFT_EMIT_LOC_STRINGS = YES;
				SWIFT_VERSION = 5.0;
				TARGETED_DEVICE_FAMILY = "1,2";
			};
			name = Release;
		};
/* End XCBuildConfiguration section */

/* Begin XCConfigurationList section */
		BD9F023B2AFE9B8C00AB8AA8 /* Build configuration list for PBXProject "ThreadsTutorial" */ = {
			isa = XCConfigurationList;
			buildConfigurations = (
				BD9F024C2AFE9B8F00AB8AA8 /* Debug */,
				BD9F024D2AFE9B8F00AB8AA8 /* Release */,
			);
			defaultConfigurationIsVisible = 0;
			defaultConfigurationName = Release;
		};
		BD9F024E2AFE9B8F00AB8AA8 /* Build configuration list for PBXNativeTarget "ThreadsTutorial" */ = {
			isa = XCConfigurationList;
			buildConfigurations = (
				BD9F024F2AFE9B8F00AB8AA8 /* Debug */,
				BD9F02502AFE9B8F00AB8AA8 /* Release */,
			);
			defaultConfigurationIsVisible = 0;
			defaultConfigurationName = Release;
		};
/* End XCConfigurationList section */

/* Begin XCRemoteSwiftPackageReference section */
		BD8ACEF92AFFFF8C00FD3FB4 /* XCRemoteSwiftPackageReference "firebase-ios-sdk" */ = {
			isa = XCRemoteSwiftPackageReference;
			repositoryURL = "https://github.com/firebase/firebase-ios-sdk";
			requirement = {
				kind = upToNextMajorVersion;
				minimumVersion = 10.17.0;
			};
		};
		BDDA23BE2B03B85A0011697D /* XCRemoteSwiftPackageReference "Kingfisher" */ = {
			isa = XCRemoteSwiftPackageReference;
			repositoryURL = "https://github.com/onevcat/Kingfisher.git";
			requirement = {
				kind = upToNextMajorVersion;
				minimumVersion = 7.10.0;
			};
		};
/* End XCRemoteSwiftPackageReference section */

/* Begin XCSwiftPackageProductDependency section */
		BD8ACEFA2AFFFF8C00FD3FB4 /* FirebaseAnalytics */ = {
			isa = XCSwiftPackageProductDependency;
			package = BD8ACEF92AFFFF8C00FD3FB4 /* XCRemoteSwiftPackageReference "firebase-ios-sdk" */;
			productName = FirebaseAnalytics;
		};
		BD8ACEFC2AFFFF8C00FD3FB4 /* FirebaseAnalyticsOnDeviceConversion */ = {
			isa = XCSwiftPackageProductDependency;
			package = BD8ACEF92AFFFF8C00FD3FB4 /* XCRemoteSwiftPackageReference "firebase-ios-sdk" */;
			productName = FirebaseAnalyticsOnDeviceConversion;
		};
		BD8ACEFE2AFFFF8C00FD3FB4 /* FirebaseAnalyticsSwift */ = {
			isa = XCSwiftPackageProductDependency;
			package = BD8ACEF92AFFFF8C00FD3FB4 /* XCRemoteSwiftPackageReference "firebase-ios-sdk" */;
			productName = FirebaseAnalyticsSwift;
		};
		BD8ACF002AFFFF8C00FD3FB4 /* FirebaseAnalyticsWithoutAdIdSupport */ = {
			isa = XCSwiftPackageProductDependency;
			package = BD8ACEF92AFFFF8C00FD3FB4 /* XCRemoteSwiftPackageReference "firebase-ios-sdk" */;
			productName = FirebaseAnalyticsWithoutAdIdSupport;
		};
		BD8ACF022AFFFF8C00FD3FB4 /* FirebaseAppCheck */ = {
			isa = XCSwiftPackageProductDependency;
			package = BD8ACEF92AFFFF8C00FD3FB4 /* XCRemoteSwiftPackageReference "firebase-ios-sdk" */;
			productName = FirebaseAppCheck;
		};
		BD8ACF052B00007D00FD3FB4 /* FirebaseAuth */ = {
			isa = XCSwiftPackageProductDependency;
			package = BD8ACEF92AFFFF8C00FD3FB4 /* XCRemoteSwiftPackageReference "firebase-ios-sdk" */;
			productName = FirebaseAuth;
		};
		BD8ACF072B00008A00FD3FB4 /* FirebaseDatabase */ = {
			isa = XCSwiftPackageProductDependency;
			package = BD8ACEF92AFFFF8C00FD3FB4 /* XCRemoteSwiftPackageReference "firebase-ios-sdk" */;
			productName = FirebaseDatabase;
		};
		BD8ACF092B00009200FD3FB4 /* FirebaseStorage */ = {
			isa = XCSwiftPackageProductDependency;
			package = BD8ACEF92AFFFF8C00FD3FB4 /* XCRemoteSwiftPackageReference "firebase-ios-sdk" */;
			productName = FirebaseStorage;
		};
		BD8ACF132B0018F600FD3FB4 /* FirebaseFirestoreSwift */ = {
			isa = XCSwiftPackageProductDependency;
			package = BD8ACEF92AFFFF8C00FD3FB4 /* XCRemoteSwiftPackageReference "firebase-ios-sdk" */;
			productName = FirebaseFirestoreSwift;
		};
		BDDA23BF2B03B85A0011697D /* Kingfisher */ = {
			isa = XCSwiftPackageProductDependency;
			package = BDDA23BE2B03B85A0011697D /* XCRemoteSwiftPackageReference "Kingfisher" */;
			productName = Kingfisher;
		};
/* End XCSwiftPackageProductDependency section */
	};
	rootObject = BD9F02382AFE9B8C00AB8AA8 /* Project object */;
}
