// !$*UTF8*$!
{
	archiveVersion = 1;
	classes = {
	};
	objectVersion = 56;
	objects = {

/* Begin PBXBuildFile section */
		BD9F02442AFE9B8C00AB8AA8 /* ThreadsTutorialApp.swift in Sources */ = {isa = PBXBuildFile; fileRef = BD9F02432AFE9B8C00AB8AA8 /* ThreadsTutorialApp.swift */; };
		BD9F02462AFE9B8C00AB8AA8 /* ContentView.swift in Sources */ = {isa = PBXBuildFile; fileRef = BD9F02452AFE9B8C00AB8AA8 /* ContentView.swift */; };
		BD9F02482AFE9B8F00AB8AA8 /* Assets.xcassets in Resources */ = {isa = PBXBuildFile; fileRef = BD9F02472AFE9B8F00AB8AA8 /* Assets.xcassets */; };
		BD9F024B2AFE9B8F00AB8AA8 /* Preview Assets.xcassets in Resources */ = {isa = PBXBuildFile; fileRef = BD9F024A2AFE9B8F00AB8AA8 /* Preview Assets.xcassets */; };
		BD9F025B2AFE9C2800AB8AA8 /* LoginView.swift in Sources */ = {isa = PBXBuildFile; fileRef = BD9F025A2AFE9C2800AB8AA8 /* LoginView.swift */; };
/* End PBXBuildFile section */

/* Begin PBXFileReference section */
		BD9F02402AFE9B8C00AB8AA8 /* ThreadsTutorial.app */ = {isa = PBXFileReference; explicitFileType = wrapper.application; includeInIndex = 0; path = ThreadsTutorial.app; sourceTree = BUILT_PRODUCTS_DIR; };
		BD9F02432AFE9B8C00AB8AA8 /* ThreadsTutorialApp.swift */ = {isa = PBXFileReference; lastKnownFileType = sourcecode.swift; path = ThreadsTutorialApp.swift; sourceTree = "<group>"; };
		BD9F02452AFE9B8C00AB8AA8 /* ContentView.swift */ = {isa = PBXFileReference; lastKnownFileType = sourcecode.swift; path = ContentView.swift; sourceTree = "<group>"; };
		BD9F02472AFE9B8F00AB8AA8 /* Assets.xcassets */ = {isa = PBXFileReference; lastKnownFileType = folder.assetcatalog; path = Assets.xcassets; sourceTree = "<group>"; };
		BD9F024A2AFE9B8F00AB8AA8 /* Preview Assets.xcassets */ = {isa = PBXFileReference; lastKnownFileType = folder.assetcatalog; path = "Preview Assets.xcassets"; sourceTree = "<group>"; };
		BD9F025A2AFE9C2800AB8AA8 /* LoginView.swift */ = {isa = PBXFileReference; lastKnownFileType = sourcecode.swift; path = LoginView.swift; sourceTree = "<group>"; };
/* End PBXFileReference section */

/* Begin PBXFrameworksBuildPhase section */
		BD9F023D2AFE9B8C00AB8AA8 /* Frameworks */ = {
			isa = PBXFrameworksBuildPhase;
			buildActionMask = 2147483647;
			files = (
			);
			runOnlyForDeploymentPostprocessing = 0;
		};
/* End PBXFrameworksBuildPhase section */

/* Begin PBXGroup section */
		BD9F02372AFE9B8C00AB8AA8 = {
			isa = PBXGroup;
			children = (
				BD9F02422AFE9B8C00AB8AA8 /* ThreadsTutorial */,
				BD9F02412AFE9B8C00AB8AA8 /* Products */,
			);
			sourceTree = "<group>";
		};
		BD9F02412AFE9B8C00AB8AA8 /* Products */ = {
			isa = PBXGroup;
			children = (
				BD9F02402AFE9B8C00AB8AA8 /* ThreadsTutorial.app */,
			);
			name = Products;
			sourceTree = "<group>";
		};
		BD9F02422AFE9B8C00AB8AA8 /* ThreadsTutorial */ = {
			isa = PBXGroup;
			children = (
				BD9F02562AFE9BB300AB8AA8 /* App */,
				BD9F02552AFE9BB100AB8AA8 /* Core */,
				BD9F02542AFE9BAC00AB8AA8 /* Extensions */,
				BD9F02532AFE9BA700AB8AA8 /* Models */,
				BD9F02522AFE9BA500AB8AA8 /* Services */,
				BD9F02512AFE9BA200AB8AA8 /* Utils */,
				BD9F02472AFE9B8F00AB8AA8 /* Assets.xcassets */,
				BD9F02492AFE9B8F00AB8AA8 /* Preview Content */,
			);
			path = ThreadsTutorial;
			sourceTree = "<group>";
		};
		BD9F02492AFE9B8F00AB8AA8 /* Preview Content */ = {
			isa = PBXGroup;
			children = (
				BD9F024A2AFE9B8F00AB8AA8 /* Preview Assets.xcassets */,
			);
			path = "Preview Content";
			sourceTree = "<group>";
		};
		BD9F02512AFE9BA200AB8AA8 /* Utils */ = {
			isa = PBXGroup;
			children = (
			);
			path = Utils;
			sourceTree = "<group>";
		};
		BD9F02522AFE9BA500AB8AA8 /* Services */ = {
			isa = PBXGroup;
			children = (
			);
			path = Services;
			sourceTree = "<group>";
		};
		BD9F02532AFE9BA700AB8AA8 /* Models */ = {
			isa = PBXGroup;
			children = (
			);
			path = Models;
			sourceTree = "<group>";
		};
		BD9F02542AFE9BAC00AB8AA8 /* Extensions */ = {
			isa = PBXGroup;
			children = (
			);
			path = Extensions;
			sourceTree = "<group>";
		};
		BD9F02552AFE9BB100AB8AA8 /* Core */ = {
			isa = PBXGroup;
			children = (
				BD9F02582AFE9BED00AB8AA8 /* Authentication */,
				BD9F02572AFE9BEB00AB8AA8 /* Root */,
			);
			path = Core;
			sourceTree = "<group>";
		};
		BD9F02562AFE9BB300AB8AA8 /* App */ = {
			isa = PBXGroup;
			children = (
				BD9F02432AFE9B8C00AB8AA8 /* ThreadsTutorialApp.swift */,
			);
			path = App;
			sourceTree = "<group>";
		};
		BD9F02572AFE9BEB00AB8AA8 /* Root */ = {
			isa = PBXGroup;
			children = (
				BD9F02452AFE9B8C00AB8AA8 /* ContentView.swift */,
			);
			path = Root;
			sourceTree = "<group>";
		};
		BD9F02582AFE9BED00AB8AA8 /* Authentication */ = {
			isa = PBXGroup;
			children = (
				BD9F02592AFE9C1100AB8AA8 /* Views */,
			);
			path = Authentication;
			sourceTree = "<group>";
		};
		BD9F02592AFE9C1100AB8AA8 /* Views */ = {
			isa = PBXGroup;
			children = (
				BD9F025A2AFE9C2800AB8AA8 /* LoginView.swift */,
			);
			path = Views;
			sourceTree = "<group>";
		};
/* End PBXGroup section */

/* Begin PBXNativeTarget section */
		BD9F023F2AFE9B8C00AB8AA8 /* ThreadsTutorial */ = {
			isa = PBXNativeTarget;
			buildConfigurationList = BD9F024E2AFE9B8F00AB8AA8 /* Build configuration list for PBXNativeTarget "ThreadsTutorial" */;
			buildPhases = (
				BD9F023C2AFE9B8C00AB8AA8 /* Sources */,
				BD9F023D2AFE9B8C00AB8AA8 /* Frameworks */,
				BD9F023E2AFE9B8C00AB8AA8 /* Resources */,
			);
			buildRules = (
			);
			dependencies = (
			);
			name = ThreadsTutorial;
			productName = ThreadsTutorial;
			productReference = BD9F02402AFE9B8C00AB8AA8 /* ThreadsTutorial.app */;
			productType = "com.apple.product-type.application";
		};
/* End PBXNativeTarget section */

/* Begin PBXProject section */
		BD9F02382AFE9B8C00AB8AA8 /* Project object */ = {
			isa = PBXProject;
			attributes = {
				BuildIndependentTargetsInParallel = 1;
				LastSwiftUpdateCheck = 1500;
				LastUpgradeCheck = 1500;
				TargetAttributes = {
					BD9F023F2AFE9B8C00AB8AA8 = {
						CreatedOnToolsVersion = 15.0.1;
					};
				};
			};
			buildConfigurationList = BD9F023B2AFE9B8C00AB8AA8 /* Build configuration list for PBXProject "ThreadsTutorial" */;
			compatibilityVersion = "Xcode 14.0";
			developmentRegion = en;
			hasScannedForEncodings = 0;
			knownRegions = (
				en,
				Base,
			);
			mainGroup = BD9F02372AFE9B8C00AB8AA8;
			productRefGroup = BD9F02412AFE9B8C00AB8AA8 /* Products */;
			projectDirPath = "";
			projectRoot = "";
			targets = (
				BD9F023F2AFE9B8C00AB8AA8 /* ThreadsTutorial */,
			);
		};
/* End PBXProject section */

/* Begin PBXResourcesBuildPhase section */
		BD9F023E2AFE9B8C00AB8AA8 /* Resources */ = {
			isa = PBXResourcesBuildPhase;
			buildActionMask = 2147483647;
			files = (
				BD9F024B2AFE9B8F00AB8AA8 /* Preview Assets.xcassets in Resources */,
				BD9F02482AFE9B8F00AB8AA8 /* Assets.xcassets in Resources */,
			);
			runOnlyForDeploymentPostprocessing = 0;
		};
/* End PBXResourcesBuildPhase section */

/* Begin PBXSourcesBuildPhase section */
		BD9F023C2AFE9B8C00AB8AA8 /* Sources */ = {
			isa = PBXSourcesBuildPhase;
			buildActionMask = 2147483647;
			files = (
				BD9F025B2AFE9C2800AB8AA8 /* LoginView.swift in Sources */,
				BD9F02462AFE9B8C00AB8AA8 /* ContentView.swift in Sources */,
				BD9F02442AFE9B8C00AB8AA8 /* ThreadsTutorialApp.swift in Sources */,
			);
			runOnlyForDeploymentPostprocessing = 0;
		};
/* End PBXSourcesBuildPhase section */

/* Begin XCBuildConfiguration section */
		BD9F024C2AFE9B8F00AB8AA8 /* Debug */ = {
			isa = XCBuildConfiguration;
			buildSettings = {
				ALWAYS_SEARCH_USER_PATHS = NO;
				ASSETCATALOG_COMPILER_GENERATE_SWIFT_ASSET_SYMBOL_EXTENSIONS = YES;
				CLANG_ANALYZER_NONNULL = YES;
				CLANG_ANALYZER_NUMBER_OBJECT_CONVERSION = YES_AGGRESSIVE;
				CLANG_CXX_LANGUAGE_STANDARD = "gnu++20";
				CLANG_ENABLE_MODULES = YES;
				CLANG_ENABLE_OBJC_ARC = YES;
				CLANG_ENABLE_OBJC_WEAK = YES;
				CLANG_WARN_BLOCK_CAPTURE_AUTORELEASING = YES;
				CLANG_WARN_BOOL_CONVERSION = YES;
				CLANG_WARN_COMMA = YES;
				CLANG_WARN_CONSTANT_CONVERSION = YES;
				CLANG_WARN_DEPRECATED_OBJC_IMPLEMENTATIONS = YES;
				CLANG_WARN_DIRECT_OBJC_ISA_USAGE = YES_ERROR;
				CLANG_WARN_DOCUMENTATION_COMMENTS = YES;
				CLANG_WARN_EMPTY_BODY = YES;
				CLANG_WARN_ENUM_CONVERSION = YES;
				CLANG_WARN_INFINITE_RECURSION = YES;
				CLANG_WARN_INT_CONVERSION = YES;
				CLANG_WARN_NON_LITERAL_NULL_CONVERSION = YES;
				CLANG_WARN_OBJC_IMPLICIT_RETAIN_SELF = YES;
				CLANG_WARN_OBJC_LITERAL_CONVERSION = YES;
				CLANG_WARN_OBJC_ROOT_CLASS = YES_ERROR;
				CLANG_WARN_QUOTED_INCLUDE_IN_FRAMEWORK_HEADER = YES;
				CLANG_WARN_RANGE_LOOP_ANALYSIS = YES;
				CLANG_WARN_STRICT_PROTOTYPES = YES;
				CLANG_WARN_SUSPICIOUS_MOVE = YES;
				CLANG_WARN_UNGUARDED_AVAILABILITY = YES_AGGRESSIVE;
				CLANG_WARN_UNREACHABLE_CODE = YES;
				CLANG_WARN__DUPLICATE_METHOD_MATCH = YES;
				COPY_PHASE_STRIP = NO;
				DEBUG_INFORMATION_FORMAT = dwarf;
				ENABLE_STRICT_OBJC_MSGSEND = YES;
				ENABLE_TESTABILITY = YES;
				ENABLE_USER_SCRIPT_SANDBOXING = YES;
				GCC_C_LANGUAGE_STANDARD = gnu17;
				GCC_DYNAMIC_NO_PIC = NO;
				GCC_NO_COMMON_BLOCKS = YES;
				GCC_OPTIMIZATION_LEVEL = 0;
				GCC_PREPROCESSOR_DEFINITIONS = (
					"DEBUG=1",
					"$(inherited)",
				);
				GCC_WARN_64_TO_32_BIT_CONVERSION = YES;
				GCC_WARN_ABOUT_RETURN_TYPE = YES_ERROR;
				GCC_WARN_UNDECLARED_SELECTOR = YES;
				GCC_WARN_UNINITIALIZED_AUTOS = YES_AGGRESSIVE;
				GCC_WARN_UNUSED_FUNCTION = YES;
				GCC_WARN_UNUSED_VARIABLE = YES;
				IPHONEOS_DEPLOYMENT_TARGET = 17.0;
				LOCALIZATION_PREFERS_STRING_CATALOGS = YES;
				MTL_ENABLE_DEBUG_INFO = INCLUDE_SOURCE;
				MTL_FAST_MATH = YES;
				ONLY_ACTIVE_ARCH = YES;
				SDKROOT = iphoneos;
				SWIFT_ACTIVE_COMPILATION_CONDITIONS = "DEBUG $(inherited)";
				SWIFT_OPTIMIZATION_LEVEL = "-Onone";
			};
			name = Debug;
		};
		BD9F024D2AFE9B8F00AB8AA8 /* Release */ = {
			isa = XCBuildConfiguration;
			buildSettings = {
				ALWAYS_SEARCH_USER_PATHS = NO;
				ASSETCATALOG_COMPILER_GENERATE_SWIFT_ASSET_SYMBOL_EXTENSIONS = YES;
				CLANG_ANALYZER_NONNULL = YES;
				CLANG_ANALYZER_NUMBER_OBJECT_CONVERSION = YES_AGGRESSIVE;
				CLANG_CXX_LANGUAGE_STANDARD = "gnu++20";
				CLANG_ENABLE_MODULES = YES;
				CLANG_ENABLE_OBJC_ARC = YES;
				CLANG_ENABLE_OBJC_WEAK = YES;
				CLANG_WARN_BLOCK_CAPTURE_AUTORELEASING = YES;
				CLANG_WARN_BOOL_CONVERSION = YES;
				CLANG_WARN_COMMA = YES;
				CLANG_WARN_CONSTANT_CONVERSION = YES;
				CLANG_WARN_DEPRECATED_OBJC_IMPLEMENTATIONS = YES;
				CLANG_WARN_DIRECT_OBJC_ISA_USAGE = YES_ERROR;
				CLANG_WARN_DOCUMENTATION_COMMENTS = YES;
				CLANG_WARN_EMPTY_BODY = YES;
				CLANG_WARN_ENUM_CONVERSION = YES;
				CLANG_WARN_INFINITE_RECURSION = YES;
				CLANG_WARN_INT_CONVERSION = YES;
				CLANG_WARN_NON_LITERAL_NULL_CONVERSION = YES;
				CLANG_WARN_OBJC_IMPLICIT_RETAIN_SELF = YES;
				CLANG_WARN_OBJC_LITERAL_CONVERSION = YES;
				CLANG_WARN_OBJC_ROOT_CLASS = YES_ERROR;
				CLANG_WARN_QUOTED_INCLUDE_IN_FRAMEWORK_HEADER = YES;
				CLANG_WARN_RANGE_LOOP_ANALYSIS = YES;
				CLANG_WARN_STRICT_PROTOTYPES = YES;
				CLANG_WARN_SUSPICIOUS_MOVE = YES;
				CLANG_WARN_UNGUARDED_AVAILABILITY = YES_AGGRESSIVE;
				CLANG_WARN_UNREACHABLE_CODE = YES;
				CLANG_WARN__DUPLICATE_METHOD_MATCH = YES;
				COPY_PHASE_STRIP = NO;
				DEBUG_INFORMATION_FORMAT = "dwarf-with-dsym";
				ENABLE_NS_ASSERTIONS = NO;
				ENABLE_STRICT_OBJC_MSGSEND = YES;
				ENABLE_USER_SCRIPT_SANDBOXING = YES;
				GCC_C_LANGUAGE_STANDARD = gnu17;
				GCC_NO_COMMON_BLOCKS = YES;
				GCC_WARN_64_TO_32_BIT_CONVERSION = YES;
				GCC_WARN_ABOUT_RETURN_TYPE = YES_ERROR;
				GCC_WARN_UNDECLARED_SELECTOR = YES;
				GCC_WARN_UNINITIALIZED_AUTOS = YES_AGGRESSIVE;
				GCC_WARN_UNUSED_FUNCTION = YES;
				GCC_WARN_UNUSED_VARIABLE = YES;
				IPHONEOS_DEPLOYMENT_TARGET = 17.0;
				LOCALIZATION_PREFERS_STRING_CATALOGS = YES;
				MTL_ENABLE_DEBUG_INFO = NO;
				MTL_FAST_MATH = YES;
				SDKROOT = iphoneos;
				SWIFT_COMPILATION_MODE = wholemodule;
				VALIDATE_PRODUCT = YES;
			};
			name = Release;
		};
		BD9F024F2AFE9B8F00AB8AA8 /* Debug */ = {
			isa = XCBuildConfiguration;
			buildSettings = {
				ASSETCATALOG_COMPILER_APPICON_NAME = AppIcon;
				ASSETCATALOG_COMPILER_GLOBAL_ACCENT_COLOR_NAME = AccentColor;
				CODE_SIGN_STYLE = Automatic;
				CURRENT_PROJECT_VERSION = 1;
				DEVELOPMENT_ASSET_PATHS = "\"ThreadsTutorial/Preview Content\"";
				DEVELOPMENT_TEAM = Z8Y3TFDSG6;
				ENABLE_PREVIEWS = YES;
				GENERATE_INFOPLIST_FILE = YES;
				INFOPLIST_KEY_UIApplicationSceneManifest_Generation = YES;
				INFOPLIST_KEY_UIApplicationSupportsIndirectInputEvents = YES;
				INFOPLIST_KEY_UILaunchScreen_Generation = YES;
				INFOPLIST_KEY_UISupportedInterfaceOrientations_iPad = "UIInterfaceOrientationPortrait UIInterfaceOrientationPortraitUpsideDown UIInterfaceOrientationLandscapeLeft UIInterfaceOrientationLandscapeRight";
				INFOPLIST_KEY_UISupportedInterfaceOrientations_iPhone = "UIInterfaceOrientationPortrait UIInterfaceOrientationLandscapeLeft UIInterfaceOrientationLandscapeRight";
				LD_RUNPATH_SEARCH_PATHS = (
					"$(inherited)",
					"@executable_path/Frameworks",
				);
				MARKETING_VERSION = 1.0;
				PRODUCT_BUNDLE_IDENTIFIER = com.ryanchoi.ThreadsTutorial;
				PRODUCT_NAME = "$(TARGET_NAME)";
				SWIFT_EMIT_LOC_STRINGS = YES;
				SWIFT_VERSION = 5.0;
				TARGETED_DEVICE_FAMILY = "1,2";
			};
			name = Debug;
		};
		BD9F02502AFE9B8F00AB8AA8 /* Release */ = {
			isa = XCBuildConfiguration;
			buildSettings = {
				ASSETCATALOG_COMPILER_APPICON_NAME = AppIcon;
				ASSETCATALOG_COMPILER_GLOBAL_ACCENT_COLOR_NAME = AccentColor;
				CODE_SIGN_STYLE = Automatic;
				CURRENT_PROJECT_VERSION = 1;
				DEVELOPMENT_ASSET_PATHS = "\"ThreadsTutorial/Preview Content\"";
				DEVELOPMENT_TEAM = Z8Y3TFDSG6;
				ENABLE_PREVIEWS = YES;
				GENERATE_INFOPLIST_FILE = YES;
				INFOPLIST_KEY_UIApplicationSceneManifest_Generation = YES;
				INFOPLIST_KEY_UIApplicationSupportsIndirectInputEvents = YES;
				INFOPLIST_KEY_UILaunchScreen_Generation = YES;
				INFOPLIST_KEY_UISupportedInterfaceOrientations_iPad = "UIInterfaceOrientationPortrait UIInterfaceOrientationPortraitUpsideDown UIInterfaceOrientationLandscapeLeft UIInterfaceOrientationLandscapeRight";
				INFOPLIST_KEY_UISupportedInterfaceOrientations_iPhone = "UIInterfaceOrientationPortrait UIInterfaceOrientationLandscapeLeft UIInterfaceOrientationLandscapeRight";
				LD_RUNPATH_SEARCH_PATHS = (
					"$(inherited)",
					"@executable_path/Frameworks",
				);
				MARKETING_VERSION = 1.0;
				PRODUCT_BUNDLE_IDENTIFIER = com.ryanchoi.ThreadsTutorial;
				PRODUCT_NAME = "$(TARGET_NAME)";
				SWIFT_EMIT_LOC_STRINGS = YES;
				SWIFT_VERSION = 5.0;
				TARGETED_DEVICE_FAMILY = "1,2";
			};
			name = Release;
		};
/* End XCBuildConfiguration section */

/* Begin XCConfigurationList section */
		BD9F023B2AFE9B8C00AB8AA8 /* Build configuration list for PBXProject "ThreadsTutorial" */ = {
			isa = XCConfigurationList;
			buildConfigurations = (
				BD9F024C2AFE9B8F00AB8AA8 /* Debug */,
				BD9F024D2AFE9B8F00AB8AA8 /* Release */,
			);
			defaultConfigurationIsVisible = 0;
			defaultConfigurationName = Release;
		};
		BD9F024E2AFE9B8F00AB8AA8 /* Build configuration list for PBXNativeTarget "ThreadsTutorial" */ = {
			isa = XCConfigurationList;
			buildConfigurations = (
				BD9F024F2AFE9B8F00AB8AA8 /* Debug */,
				BD9F02502AFE9B8F00AB8AA8 /* Release */,
			);
			defaultConfigurationIsVisible = 0;
			defaultConfigurationName = Release;
		};
/* End XCConfigurationList section */
	};
	rootObject = BD9F02382AFE9B8C00AB8AA8 /* Project object */;
}
